
Microsoft Visual Studio Solution File, Format Version 12.00
# Visual Studio Version 16
VisualStudioVersion = 16.0.31624.102
MinimumVisualStudioVersion = 10.0.40219.1
Project("{FAE04EC0-301F-11D3-BF4B-00C04F79EFBC}") = "TestLesson0", "TestLesson0\TestLesson0.csproj", "{1F1F06B4-BA61-40E2-A10B-9A12DDD1E1A7}"
EndProject
Project("{FAE04EC0-301F-11D3-BF4B-00C04F79EFBC}") = "SomeLib", "SomeLib\SomeLib.csproj", "{F79B1A52-DD11-451B-8611-D72D45B980E1}"
EndProject
Global
	GlobalSection(SolutionConfigurationPlatforms) = preSolution
		Debug|Any CPU = Debug|Any CPU
		Release|Any CPU = Release|Any CPU
	EndGlobalSection
	GlobalSection(ProjectConfigurationPlatforms) = postSolution
		{1F1F06B4-BA61-40E2-A10B-9A12DDD1E1A7}.Debug|Any CPU.ActiveCfg = Debug|Any CPU
		{1F1F06B4-BA61-40E2-A10B-9A12DDD1E1A7}.Debug|Any CPU.Build.0 = Debug|Any CPU
		{1F1F06B4-BA61-40E2-A10B-9A12DDD1E1A7}.Release|Any CPU.ActiveCfg = Release|Any CPU
		{1F1F06B4-BA61-40E2-A10B-9A12DDD1E1A7}.Release|Any CPU.Build.0 = Release|Any CPU
		{F79B1A52-DD11-451B-8611-D72D45B980E1}.Debug|Any CPU.ActiveCfg = Debug|Any CPU
		{F79B1A52-DD11-451B-8611-D72D45B980E1}.Debug|Any CPU.Build.0 = Debug|Any CPU
		{F79B1A52-DD11-451B-8611-D72D45B980E1}.Release|Any CPU.ActiveCfg = Release|Any CPU
		{F79B1A52-DD11-451B-8611-D72D45B980E1}.Release|Any CPU.Build.0 = Release|Any CPU
	EndGlobalSection
	GlobalSection(SolutionProperties) = preSolution
		HideSolutionNode = FALSE
	EndGlobalSection
	GlobalSection(ExtensibilityGlobals) = postSolution
		SolutionGuid = {4473FB74-D76E-44E0-B7AA-8378188082BE}
	EndGlobalSection
EndGlobal
